PODS:
  - DJI-SDK-iOS (4.8.1)
  - DJIWidget (1.2)

DEPENDENCIES:
  - DJI-SDK-iOS
  - DJIWidget

SPEC REPOS:
  https://github.com/cocoapods/specs.git:
    - DJI-SDK-iOS
    - DJIWidget

SPEC CHECKSUMS:
  DJI-SDK-iOS: 513ed6e823465e15af74a77b228506ab5138691b
  DJIWidget: 4559d2f4ccaa499a7bd2cdc98658f35d78d20357

PODFILE CHECKSUM: 70da6eaaedd1a6613707514e0223b53bd6a71691

COCOAPODS: 1.5.3
